// !$*UTF8*$!
{
	archiveVersion = 1;
	classes = {
	};
	objectVersion = 46;
	objects = {

/* Begin PBXBuildFile section */
		5F7909101F05DCA9004CAE21 /* PhotoViewController.swift in Sources */ = {isa = PBXBuildFile; fileRef = 5F79090F1F05DCA9004CAE21 /* PhotoViewController.swift */; };
		5FDBF8951F05D0C100C3FD38 /* AppDelegate.swift in Sources */ = {isa = PBXBuildFile; fileRef = 5FDBF8941F05D0C100C3FD38 /* AppDelegate.swift */; };
		5FDBF89A1F05D0C100C3FD38 /* Main.storyboard in Resources */ = {isa = PBXBuildFile; fileRef = 5FDBF8981F05D0C100C3FD38 /* Main.storyboard */; };
		5FDBF89C1F05D0C100C3FD38 /* Assets.xcassets in Resources */ = {isa = PBXBuildFile; fileRef = 5FDBF89B1F05D0C100C3FD38 /* Assets.xcassets */; };
		5FDBF89F1F05D0C100C3FD38 /* LaunchScreen.storyboard in Resources */ = {isa = PBXBuildFile; fileRef = 5FDBF89D1F05D0C100C3FD38 /* LaunchScreen.storyboard */; };
/* End PBXBuildFile section */

/* Begin PBXFileReference section */
		5F79090F1F05DCA9004CAE21 /* PhotoViewController.swift */ = {isa = PBXFileReference; fileEncoding = 4; lastKnownFileType = sourcecode.swift; path = PhotoViewController.swift; sourceTree = "<group>"; };
		5FDBF8911F05D0C100C3FD38 /* Fototeca.app */ = {isa = PBXFileReference; explicitFileType = wrapper.application; includeInIndex = 0; path = Fototeca.app; sourceTree = BUILT_PRODUCTS_DIR; };
		5FDBF8941F05D0C100C3FD38 /* AppDelegate.swift */ = {isa = PBXFileReference; lastKnownFileType = sourcecode.swift; path = AppDelegate.swift; sourceTree = "<group>"; };
		5FDBF8991F05D0C100C3FD38 /* Base */ = {isa = PBXFileReference; lastKnownFileType = file.storyboard; name = Base; path = Base.lproj/Main.storyboard; sourceTree = "<group>"; };
		5FDBF89B1F05D0C100C3FD38 /* Assets.xcassets */ = {isa = PBXFileReference; lastKnownFileType = folder.assetcatalog; path = Assets.xcassets; sourceTree = "<group>"; };
		5FDBF89E1F05D0C100C3FD38 /* Base */ = {isa = PBXFileReference; lastKnownFileType = file.storyboard; name = Base; path = Base.lproj/LaunchScreen.storyboard; sourceTree = "<group>"; };
		5FDBF8A01F05D0C100C3FD38 /* Info.plist */ = {isa = PBXFileReference; lastKnownFileType = text.plist.xml; path = Info.plist; sourceTree = "<group>"; };
/* End PBXFileReference section */

/* Begin PBXFrameworksBuildPhase section */
		5FDBF88E1F05D0C100C3FD38 /* Frameworks */ = {
			isa = PBXFrameworksBuildPhase;
			buildActionMask = 2147483647;
			files = (
			);
			runOnlyForDeploymentPostprocessing = 0;
		};
/* End PBXFrameworksBuildPhase section */

/* Begin PBXGroup section */
		5FDBF8881F05D0C000C3FD38 = {
			isa = PBXGroup;
			children = (
				5FDBF8931F05D0C100C3FD38 /* Fototeca */,
				5FDBF8921F05D0C100C3FD38 /* Products */,
			);
			sourceTree = "<group>";
		};
		5FDBF8921F05D0C100C3FD38 /* Products */ = {
			isa = PBXGroup;
			children = (
				5FDBF8911F05D0C100C3FD38 /* Fototeca.app */,
			);
			name = Products;
			sourceTree = "<group>";
		};
		5FDBF8931F05D0C100C3FD38 /* Fototeca */ = {
			isa = PBXGroup;
			children = (
				5FDBF8941F05D0C100C3FD38 /* AppDelegate.swift */,
				5FDBF8981F05D0C100C3FD38 /* Main.storyboard */,
				5F79090F1F05DCA9004CAE21 /* PhotoViewController.swift */,
				5FDBF89B1F05D0C100C3FD38 /* Assets.xcassets */,
				5FDBF89D1F05D0C100C3FD38 /* LaunchScreen.storyboard */,
				5FDBF8A01F05D0C100C3FD38 /* Info.plist */,
			);
			path = Fototeca;
			sourceTree = "<group>";
		};
/* End PBXGroup section */

/* Begin PBXNativeTarget section */
		5FDBF8901F05D0C100C3FD38 /* Fototeca */ = {
			isa = PBXNativeTarget;
			buildConfigurationList = 5FDBF8A31F05D0C100C3FD38 /* Build configuration list for PBXNativeTarget "Fototeca" */;
			buildPhases = (
				5FDBF88D1F05D0C100C3FD38 /* Sources */,
				5FDBF88E1F05D0C100C3FD38 /* Frameworks */,
				5FDBF88F1F05D0C100C3FD38 /* Resources */,
			);
			buildRules = (
			);
			dependencies = (
			);
			name = Fototeca;
			productName = Fototeca;
			productReference = 5FDBF8911F05D0C100C3FD38 /* Fototeca.app */;
			productType = "com.apple.product-type.application";
		};
/* End PBXNativeTarget section */

/* Begin PBXProject section */
		5FDBF8891F05D0C000C3FD38 /* Project object */ = {
			isa = PBXProject;
			attributes = {
				LastSwiftUpdateCheck = 0830;
				LastUpgradeCheck = 0830;
				ORGANIZATIONNAME = "Mariana Rios Silveira Carvalho";
				TargetAttributes = {
					5FDBF8901F05D0C100C3FD38 = {
						CreatedOnToolsVersion = 8.3.3;
						DevelopmentTeam = RP89378SM9;
						ProvisioningStyle = Automatic;
					};
				};
			};
			buildConfigurationList = 5FDBF88C1F05D0C000C3FD38 /* Build configuration list for PBXProject "Fototeca" */;
			compatibilityVersion = "Xcode 3.2";
			developmentRegion = English;
			hasScannedForEncodings = 0;
			knownRegions = (
				en,
				Base,
			);
			mainGroup = 5FDBF8881F05D0C000C3FD38;
			productRefGroup = 5FDBF8921F05D0C100C3FD38 /* Products */;
			projectDirPath = "";
			projectRoot = "";
			targets = (
				5FDBF8901F05D0C100C3FD38 /* Fototeca */,
			);
		};
/* End PBXProject section */

/* Begin PBXResourcesBuildPhase section */
		5FDBF88F1F05D0C100C3FD38 /* Resources */ = {
			isa = PBXResourcesBuildPhase;
			buildActionMask = 2147483647;
			files = (
				5FDBF89F1F05D0C100C3FD38 /* LaunchScreen.storyboard in Resources */,
				5FDBF89C1F05D0C100C3FD38 /* Assets.xcassets in Resources */,
				5FDBF89A1F05D0C100C3FD38 /* Main.storyboard in Resources */,
			);
			runOnlyForDeploymentPostprocessing = 0;
		};
/* End PBXResourcesBuildPhase section */

/* Begin PBXSourcesBuildPhase section */
		5FDBF88D1F05D0C100C3FD38 /* Sources */ = {
			isa = PBXSourcesBuildPhase;
			buildActionMask = 2147483647;
			files = (
				5FDBF8951F05D0C100C3FD38 /* AppDelegate.swift in Sources */,
				5F7909101F05DCA9004CAE21 /* PhotoViewController.swift in Sources */,
			);
			runOnlyForDeploymentPostprocessing = 0;
		};
/* End PBXSourcesBuildPhase section */

/* Begin PBXVariantGroup section */
		5FDBF8981F05D0C100C3FD38 /* Main.storyboard */ = {
			isa = PBXVariantGroup;
			children = (
				5FDBF8991F05D0C100C3FD38 /* Base */,
			);
			name = Main.storyboard;
			sourceTree = "<group>";
		};
		5FDBF89D1F05D0C100C3FD38 /* LaunchScreen.storyboard */ = {
			isa = PBXVariantGroup;
			children = (
				5FDBF89E1F05D0C100C3FD38 /* Base */,
			);
			name = LaunchScreen.storyboard;
			sourceTree = "<group>";
		};
/* End PBXVariantGroup section */

/* Begin XCBuildConfiguration section */
		5FDBF8A11F05D0C100C3FD38 /* Debug */ = {
			isa = XCBuildConfiguration;
			buildSettings = {
				ALWAYS_SEARCH_USER_PATHS = NO;
				CLANG_ANALYZER_NONNULL = YES;
				CLANG_ANALYZER_NUMBER_OBJECT_CONVERSION = YES_AGGRESSIVE;
				CLANG_CXX_LANGUAGE_STANDARD = "gnu++0x";
				CLANG_CXX_LIBRARY = "libc++";
				CLANG_ENABLE_MODULES = YES;
				CLANG_ENABLE_OBJC_ARC = YES;
				CLANG_WARN_BOOL_CONVERSION = YES;
				CLANG_WARN_CONSTANT_CONVERSION = YES;
				CLANG_WARN_DIRECT_OBJC_ISA_USAGE = YES_ERROR;
				CLANG_WARN_DOCUMENTATION_COMMENTS = YES;
				CLANG_WARN_EMPTY_BODY = YES;
				CLANG_WARN_ENUM_CONVERSION = YES;
				CLANG_WARN_INFINITE_RECURSION = YES;
				CLANG_WARN_INT_CONVERSION = YES;
				CLANG_WARN_OBJC_ROOT_CLASS = YES_ERROR;
				CLANG_WARN_SUSPICIOUS_MOVE = YES;
				CLANG_WARN_UNREACHABLE_CODE = YES;
				CLANG_WARN__DUPLICATE_METHOD_MATCH = YES;
				"CODE_SIGN_IDENTITY[sdk=iphoneos*]" = "iPhone Developer";
				COPY_PHASE_STRIP = NO;
				DEBUG_INFORMATION_FORMAT = dwarf;
				ENABLE_STRICT_OBJC_MSGSEND = YES;
				ENABLE_TESTABILITY = YES;
				GCC_C_LANGUAGE_STANDARD = gnu99;
				GCC_DYNAMIC_NO_PIC = NO;
				GCC_NO_COMMON_BLOCKS = YES;
				GCC_OPTIMIZATION_LEVEL = 0;
				GCC_PREPROCESSOR_DEFINITIONS = (
					"DEBUG=1",
					"$(inherited)",
				);
				GCC_WARN_64_TO_32_BIT_CONVERSION = YES;
				GCC_WARN_ABOUT_RETURN_TYPE = YES_ERROR;
				GCC_WARN_UNDECLARED_SELECTOR = YES;
				GCC_WARN_UNINITIALIZED_AUTOS = YES_AGGRESSIVE;
				GCC_WARN_UNUSED_FUNCTION = YES;
				GCC_WARN_UNUSED_VARIABLE = YES;
				IPHONEOS_DEPLOYMENT_TARGET = 10.3;
				MTL_ENABLE_DEBUG_INFO = YES;
				ONLY_ACTIVE_ARCH = YES;
				SDKROOT = iphoneos;
				SWIFT_ACTIVE_COMPILATION_CONDITIONS = DEBUG;
				SWIFT_OPTIMIZATION_LEVEL = "-Onone";
				TARGETED_DEVICE_FAMILY = "1,2";
			};
			name = Debug;
		};
		5FDBF8A21F05D0C100C3FD38 /* Release */ = {
			isa = XCBuildConfiguration;
			buildSettings = {
				ALWAYS_SEARCH_USER_PATHS = NO;
				CLANG_ANALYZER_NONNULL = YES;
				CLANG_ANALYZER_NUMBER_OBJECT_CONVERSION = YES_AGGRESSIVE;
				CLANG_CXX_LANGUAGE_STANDARD = "gnu++0x";
				CLANG_CXX_LIBRARY = "libc++";
				CLANG_ENABLE_MODULES = YES;
				CLANG_ENABLE_OBJC_ARC = YES;
				CLANG_WARN_BOOL_CONVERSION = YES;
				CLANG_WARN_CONSTANT_CONVERSION = YES;
				CLANG_WARN_DIRECT_OBJC_ISA_USAGE = YES_ERROR;
				CLANG_WARN_DOCUMENTATION_COMMENTS = YES;
				CLANG_WARN_EMPTY_BODY = YES;
				CLANG_WARN_ENUM_CONVERSION = YES;
				CLANG_WARN_INFINITE_RECURSION = YES;
				CLANG_WARN_INT_CONVERSION = YES;
				CLANG_WARN_OBJC_ROOT_CLASS = YES_ERROR;
				CLANG_WARN_SUSPICIOUS_MOVE = YES;
				CLANG_WARN_UNREACHABLE_CODE = YES;
				CLANG_WARN__DUPLICATE_METHOD_MATCH = YES;
				"CODE_SIGN_IDENTITY[sdk=iphoneos*]" = "iPhone Developer";
				COPY_PHASE_STRIP = NO;
				DEBUG_INFORMATION_FORMAT = "dwarf-with-dsym";
				ENABLE_NS_ASSERTIONS = NO;
				ENABLE_STRICT_OBJC_MSGSEND = YES;
				GCC_C_LANGUAGE_STANDARD = gnu99;
				GCC_NO_COMMON_BLOCKS = YES;
				GCC_WARN_64_TO_32_BIT_CONVERSION = YES;
				GCC_WARN_ABOUT_RETURN_TYPE = YES_ERROR;
				GCC_WARN_UNDECLARED_SELECTOR = YES;
				GCC_WARN_UNINITIALIZED_AUTOS = YES_AGGRESSIVE;
				GCC_WARN_UNUSED_FUNCTION = YES;
				GCC_WARN_UNUSED_VARIABLE = YES;
				IPHONEOS_DEPLOYMENT_TARGET = 10.3;
				MTL_ENABLE_DEBUG_INFO = NO;
				SDKROOT = iphoneos;
				SWIFT_OPTIMIZATION_LEVEL = "-Owholemodule";
				TARGETED_DEVICE_FAMILY = "1,2";
				VALIDATE_PRODUCT = YES;
			};
			name = Release;
		};
		5FDBF8A41F05D0C100C3FD38 /* Debug */ = {
			isa = XCBuildConfiguration;
			buildSettings = {
				ASSETCATALOG_COMPILER_APPICON_NAME = AppIcon;
				DEVELOPMENT_TEAM = RP89378SM9;
				INFOPLIST_FILE = Fototeca/Info.plist;
				LD_RUNPATH_SEARCH_PATHS = "$(inherited) @executable_path/Frameworks";
				PRODUCT_BUNDLE_IDENTIFIER = br.com.maryshkamy.Fototeca;
				PRODUCT_NAME = "$(TARGET_NAME)";
				SWIFT_VERSION = 3.0;
			};
			name = Debug;
		};
		5FDBF8A51F05D0C100C3FD38 /* Release */ = {
			isa = XCBuildConfiguration;
			buildSettings = {
				ASSETCATALOG_COMPILER_APPICON_NAME = AppIcon;
				DEVELOPMENT_TEAM = RP89378SM9;
				INFOPLIST_FILE = Fototeca/Info.plist;
				LD_RUNPATH_SEARCH_PATHS = "$(inherited) @executable_path/Frameworks";
				PRODUCT_BUNDLE_IDENTIFIER = br.com.maryshkamy.Fototeca;
				PRODUCT_NAME = "$(TARGET_NAME)";
				SWIFT_VERSION = 3.0;
			};
			name = Release;
		};
/* End XCBuildConfiguration section */

/* Begin XCConfigurationList section */
		5FDBF88C1F05D0C000C3FD38 /* Build configuration list for PBXProject "Fototeca" */ = {
			isa = XCConfigurationList;
			buildConfigurations = (
				5FDBF8A11F05D0C100C3FD38 /* Debug */,
				5FDBF8A21F05D0C100C3FD38 /* Release */,
			);
			defaultConfigurationIsVisible = 0;
			defaultConfigurationName = Release;
		};
		5FDBF8A31F05D0C100C3FD38 /* Build configuration list for PBXNativeTarget "Fototeca" */ = {
			isa = XCConfigurationList;
			buildConfigurations = (
				5FDBF8A41F05D0C100C3FD38 /* Debug */,
				5FDBF8A51F05D0C100C3FD38 /* Release */,
			);
			defaultConfigurationIsVisible = 0;
			defaultConfigurationName = Release;
		};
/* End XCConfigurationList section */
	};
	rootObject = 5FDBF8891F05D0C000C3FD38 /* Project object */;
}
